{
  "version": 4,
  "terraform_version": "1.12.1",
  "serial": 4,
  "lineage": "0730bbaf-12c2-a981-a286-3893b04ff0e4",
  "outputs": {
    "instance_ip": {
      "value": "3.87.215.188",
      "type": "string"
    }
  },
  "resources": [
    {
      "mode": "managed",
      "type": "aws_instance",
      "name": "devops_server",
      "provider": "provider[\"registry.terraform.io/hashicorp/aws\"]",
      "instances": [
        {
          "schema_version": 1,
          "attributes": {
            "ami": "ami-0c02fb55956c7d316",
            "arn": "arn:aws:ec2:us-east-1:370042934427:instance/i-0e4b37d16db1e738f",
            "associate_public_ip_address": true,
            "availability_zone": "us-east-1d",
            "capacity_reservation_specification": [
              {
                "capacity_reservation_preference": "open",
                "capacity_reservation_target": []
              }
            ],
            "cpu_core_count": 1,
            "cpu_options": [
              {
                "amd_sev_snp": "",
                "core_count": 1,
                "threads_per_core": 1
              }
            ],
            "cpu_threads_per_core": 1,
            "credit_specification": [
              {
                "cpu_credits": "standard"
              }
            ],
            "disable_api_stop": false,
            "disable_api_termination": false,
            "ebs_block_device": [],
            "ebs_optimized": false,
            "enable_primary_ipv6": null,
            "enclave_options": [
              {
                "enabled": false
              }
            ],
            "ephemeral_block_device": [],
            "get_password_data": false,
            "hibernation": false,
            "host_id": "",
            "host_resource_group_arn": null,
            "iam_instance_profile": "",
            "id": "i-0e4b37d16db1e738f",
            "instance_initiated_shutdown_behavior": "stop",
            "instance_lifecycle": "",
            "instance_market_options": [],
            "instance_state": "running",
            "instance_type": "t2.micro",
            "ipv6_address_count": 0,
            "ipv6_addresses": [],
            "key_name": "devops-key",
            "launch_template": [],
            "maintenance_options": [
              {
                "auto_recovery": "default"
              }
            ],
            "metadata_options": [
              {
                "http_endpoint": "enabled",
                "http_protocol_ipv6": "disabled",
                "http_put_response_hop_limit": 1,
                "http_tokens": "optional",
                "instance_metadata_tags": "disabled"
              }
            ],
            "monitoring": false,
            "network_interface": [],
            "outpost_arn": "",
            "password_data": "",
            "placement_group": "",
            "placement_partition_number": 0,
            "primary_network_interface_id": "eni-07f6e06ce495c5a28",
            "private_dns": "ip-172-31-91-228.ec2.internal",
            "private_dns_name_options": [
              {
                "enable_resource_name_dns_a_record": false,
                "enable_resource_name_dns_aaaa_record": false,
                "hostname_type": "ip-name"
              }
            ],
            "private_ip": "172.31.91.228",
            "public_dns": "ec2-3-87-215-188.compute-1.amazonaws.com",
            "public_ip": "3.87.215.188",
            "root_block_device": [
              {
                "delete_on_termination": true,
                "device_name": "/dev/xvda",
                "encrypted": false,
                "iops": 100,
                "kms_key_id": "",
                "tags": {},
                "tags_all": {},
                "throughput": 0,
                "volume_id": "vol-01ff57a0c062d2a6e",
                "volume_size": 8,
                "volume_type": "gp2"
              }
            ],
            "secondary_private_ips": [],
            "security_groups": [
              "default"
            ],
            "source_dest_check": true,
            "spot_instance_request_id": "",
            "subnet_id": "subnet-0029aea148c6c978c",
            "tags": {
              "Name": "DevOpsInterviewServer"
            },
            "tags_all": {
              "Name": "DevOpsInterviewServer"
            },
            "tenancy": "default",
            "timeouts": null,
            "user_data": null,
            "user_data_base64": null,
            "user_data_replace_on_change": false,
            "volume_tags": null,
            "vpc_security_group_ids": [
              "sg-00400527c84033366"
            ]
          },
          "sensitive_attributes": [],
          "identity_schema_version": 0,
          "private": "eyJlMmJmYjczMC1lY2FhLTExZTYtOGY4OC0zNDM2M2JjN2M0YzAiOnsiY3JlYXRlIjo2MDAwMDAwMDAwMDAsImRlbGV0ZSI6MTIwMDAwMDAwMDAwMCwicmVhZCI6OTAwMDAwMDAwMDAwLCJ1cGRhdGUiOjYwMDAwMDAwMDAwMH0sInNjaGVtYV92ZXJzaW9uIjoiMSJ9",
          "dependencies": [
            "aws_key_pair.devops_key"
          ]
        }
      ]
    },
    {
      "mode": "managed",
      "type": "aws_key_pair",
      "name": "devops_key",
      "provider": "provider[\"registry.terraform.io/hashicorp/aws\"]",
      "instances": [
        {
          "schema_version": 1,
          "attributes": {
            "arn": "arn:aws:ec2:us-east-1:370042934427:key-pair/devops-key",
            "fingerprint": "f5:c9:d6:14:0c:94:04:0e:57:4f:4e:e4:bd:22:25:ca",
            "id": "devops-key",
            "key_name": "devops-key",
            "key_name_prefix": "",
            "key_pair_id": "key-01a3f4326e8115bda",
            "key_type": "rsa",
            "public_key": "ssh-rsa AAAAB3NzaC1yc2EAAAADAQABAAACAQC2wuX0wdsVly5vO7ajBb2VHFI8OauSYfSrTUp7W6l+qKUQsnzMZ7mC3DhLB7cFL9R+S/MHnLWoAe+tg49/iiooMhJBdbkCY+i0bfVAEkEIuNS/6LhQtORzI+L0kI/ejnPS8aDTfuCS3A49nzVb7b2P1rbsmerRrQCj0LXZ2p5LQszMXSC5e81IBArfn2rDa75mDZ3q2NA/lk4mtIAcIuwOxSPABA0FYFv2ssJnj/hCQXPqAk6Ifwo2mB6TGg09AUSaeLef4txXlVLx5tRNwSTQuqVyVcaZZkP6/PheVa6xPHc4/wgqVhScMxrOqmMC9LSlGvPuPgrsrZX1ud02aZD6FWUnaJCn6uhpCM7gDcMUERJwEd/IjMo4LTDWWQWNS+9J9M0nrtZ0Xl1GRNwLayLFpLvi5AObX3OsLSdEcHP2FCtj9UDbdj9uEewM/hlNIetmDO+CzOn6B7tqXUrjRfiNhEt6ENl4kSbs8xxC9OWqj0nTOu9dDgw5KaFCgr20vifwJirV6kZfFixSOMBOrcAVhpAX8Cig0yAY5sg/Mu3jjH61I83z2GTIolwYLaNoyZcHM32rhwWMnWPZPCUkX8nx3vEs0byvVmKNbXbOUgoaud9Qf1qUlW/qj2HqBxdnyeMsKmWdNe1FbatTPwZ+oGXPIwQU2m1415X7Oe6qgHz56w== israkbas@DESKTOP-HS38F4H",
            "tags": null,
            "tags_all": {}
          },
          "sensitive_attributes": [],
          "identity_schema_version": 0,
          "private": "eyJzY2hlbWFfdmVyc2lvbiI6IjEifQ=="
        }
      ]
    }
  ],
  "check_results": null
}
